[[package]]
category = "main"
description = "Fast and simple WSGI-framework for small web-applications."
name = "bottle"
optional = false
python-versions = "*"
version = "0.12.18"

[metadata]
content-hash = "eafab4247e63aee5032cdf76375e3b75ab0e6ea97f98eb8a46881dc211cf035d"
python-versions = "^3.7"

[metadata.files]
bottle = [
    {file = "bottle-0.12.18-py3-none-any.whl", hash = "sha256:43157254e88f32c6be16f8d9eb1f1d1472396a4e174ebd2bf62544854ecf37e7"},
    {file = "bottle-0.12.18.tar.gz", hash = "sha256:0819b74b145a7def225c0e83b16a4d5711fde751cd92bae467a69efce720f69e"},
]
